
Microsoft Visual Studio Solution File, Format Version 12.00
# Visual Studio Version 17
VisualStudioVersion = 17.1.32414.318
MinimumVisualStudioVersion = 10.0.40219.1
Project("{9A19103F-16F7-4668-BE54-9A1E7A4F7556}") = "Dapper_Crud_API", "Dapper_Crud_API\Dapper_Crud_API.csproj", "{3E003A71-4526-470A-B63B-69B93E9B7674}"
EndProject
Project("{FAE04EC0-301F-11D3-BF4B-00C04F79EFBC}") = "XTest_Dapper_Crud_API", "XTest_Dapper_Crud_API\XTest_Dapper_Crud_API.csproj", "{55BAC70B-3C6C-44EA-9687-9467187A8365}"
EndProject
Global
	GlobalSection(SolutionConfigurationPlatforms) = preSolution
		Debug|Any CPU = Debug|Any CPU
		Release|Any CPU = Release|Any CPU
	EndGlobalSection
	GlobalSection(ProjectConfigurationPlatforms) = postSolution
		{3E003A71-4526-470A-B63B-69B93E9B7674}.Debug|Any CPU.ActiveCfg = Debug|Any CPU
		{3E003A71-4526-470A-B63B-69B93E9B7674}.Debug|Any CPU.Build.0 = Debug|Any CPU
		{3E003A71-4526-470A-B63B-69B93E9B7674}.Release|Any CPU.ActiveCfg = Release|Any CPU
		{3E003A71-4526-470A-B63B-69B93E9B7674}.Release|Any CPU.Build.0 = Release|Any CPU
		{55BAC70B-3C6C-44EA-9687-9467187A8365}.Debug|Any CPU.ActiveCfg = Debug|Any CPU
		{55BAC70B-3C6C-44EA-9687-9467187A8365}.Debug|Any CPU.Build.0 = Debug|Any CPU
		{55BAC70B-3C6C-44EA-9687-9467187A8365}.Release|Any CPU.ActiveCfg = Release|Any CPU
		{55BAC70B-3C6C-44EA-9687-9467187A8365}.Release|Any CPU.Build.0 = Release|Any CPU
	EndGlobalSection
	GlobalSection(SolutionProperties) = preSolution
		HideSolutionNode = FALSE
	EndGlobalSection
	GlobalSection(ExtensibilityGlobals) = postSolution
		SolutionGuid = {86DD2DB5-21EA-49B3-B942-D53817158503}
	EndGlobalSection
EndGlobal
